// !$*UTF8*$!
{
	archiveVersion = 1;
	classes = {
	};
	objectVersion = 56;
	objects = {

/* Begin PBXBuildFile section */
		EE7AC8AC29ADA8D400BA17FB /* hikeData.json in Resources */ = {isa = PBXBuildFile; fileRef = EE7AC8AB29ADA8D400BA17FB /* hikeData.json */; };
		EE7AC8AE29ADA8F900BA17FB /* Hike.swift in Sources */ = {isa = PBXBuildFile; fileRef = EE7AC8AD29ADA8F900BA17FB /* Hike.swift */; };
		EE7AC8B629ADAA7100BA17FB /* GraphCapsule.swift in Sources */ = {isa = PBXBuildFile; fileRef = EE7AC8B229ADAA7100BA17FB /* GraphCapsule.swift */; };
		EE7AC8B729ADAA7100BA17FB /* HikeGraph.swift in Sources */ = {isa = PBXBuildFile; fileRef = EE7AC8B329ADAA7100BA17FB /* HikeGraph.swift */; };
		EE7AC8B829ADAA7100BA17FB /* HikeDetail.swift in Sources */ = {isa = PBXBuildFile; fileRef = EE7AC8B429ADAA7100BA17FB /* HikeDetail.swift */; };
		EE7AC8B929ADAA7100BA17FB /* HikeView.swift in Sources */ = {isa = PBXBuildFile; fileRef = EE7AC8B529ADAA7100BA17FB /* HikeView.swift */; };
		EE7AC8BC29AFF9CD00BA17FB /* CategoryHome.swift in Sources */ = {isa = PBXBuildFile; fileRef = EE7AC8BB29AFF9CD00BA17FB /* CategoryHome.swift */; };
		EE7AC8BE29AFFDDB00BA17FB /* CategoryRow.swift in Sources */ = {isa = PBXBuildFile; fileRef = EE7AC8BD29AFFDDB00BA17FB /* CategoryRow.swift */; };
		EE7AC8C029B0007800BA17FB /* CategoryItem.swift in Sources */ = {isa = PBXBuildFile; fileRef = EE7AC8BF29B0007800BA17FB /* CategoryItem.swift */; };
		EEB4FD7529AC62B700676D16 /* LandmarkDetail.swift in Sources */ = {isa = PBXBuildFile; fileRef = EEB4FD7429AC62B700676D16 /* LandmarkDetail.swift */; };
		EEB4FD7729AC780600676D16 /* FavoriteButton.swift in Sources */ = {isa = PBXBuildFile; fileRef = EEB4FD7629AC780600676D16 /* FavoriteButton.swift */; };
		EEB4FD7B29AD416E00676D16 /* Parameters.swift in Sources */ = {isa = PBXBuildFile; fileRef = EEB4FD7A29AD416E00676D16 /* Parameters.swift */; };
		EEB4FD7D29AD43B600676D16 /* BadgeBackground.swift in Sources */ = {isa = PBXBuildFile; fileRef = EEB4FD7C29AD43B600676D16 /* BadgeBackground.swift */; };
		EEB4FD7F29AD4B9900676D16 /* BadgeSymbol.swift in Sources */ = {isa = PBXBuildFile; fileRef = EEB4FD7E29AD4B9900676D16 /* BadgeSymbol.swift */; };
		EEB4FD8129AD4E5B00676D16 /* RotatedBadgeSymbol.swift in Sources */ = {isa = PBXBuildFile; fileRef = EEB4FD8029AD4E5B00676D16 /* RotatedBadgeSymbol.swift */; };
		EEB4FD8329AD4F1500676D16 /* Badge.swift in Sources */ = {isa = PBXBuildFile; fileRef = EEB4FD8229AD4F1500676D16 /* Badge.swift */; };
		EECA90D529B1163800F2FF30 /* ContentView.swift in Sources */ = {isa = PBXBuildFile; fileRef = EECA90D429B1163800F2FF30 /* ContentView.swift */; };
		EECA90D729B1163900F2FF30 /* Assets.xcassets in Resources */ = {isa = PBXBuildFile; fileRef = EECA90D629B1163900F2FF30 /* Assets.xcassets */; };
		EECA90DA29B1163900F2FF30 /* Preview Assets.xcassets in Resources */ = {isa = PBXBuildFile; fileRef = EECA90D929B1163900F2FF30 /* Preview Assets.xcassets */; };
		EECA90DF29B1170E00F2FF30 /* landmarkData.json in Resources */ = {isa = PBXBuildFile; fileRef = EEDAF3D029AC5553002D303D /* landmarkData.json */; };
		EECA90E029B1170E00F2FF30 /* MapView.swift in Sources */ = {isa = PBXBuildFile; fileRef = EEDAF3CC29AC2256002D303D /* MapView.swift */; };
		EECA90E129B1170E00F2FF30 /* Profile.swift in Sources */ = {isa = PBXBuildFile; fileRef = EEF9709729B01132001EE139 /* Profile.swift */; };
		EECA90E229B1170E00F2FF30 /* hikeData.json in Resources */ = {isa = PBXBuildFile; fileRef = EE7AC8AB29ADA8D400BA17FB /* hikeData.json */; };
		EECA90E329B1170E00F2FF30 /* LandmarksApp.swift in Sources */ = {isa = PBXBuildFile; fileRef = EEDAF3BA29AC1378002D303D /* LandmarksApp.swift */; };
		EECA90E429B1170E00F2FF30 /* FavoriteButton.swift in Sources */ = {isa = PBXBuildFile; fileRef = EEB4FD7629AC780600676D16 /* FavoriteButton.swift */; };
		EECA90E529B1170E00F2FF30 /* LandmarkRow.swift in Sources */ = {isa = PBXBuildFile; fileRef = EEDAF3DB29AC5BCD002D303D /* LandmarkRow.swift */; };
		EECA90E629B1170E00F2FF30 /* LandmarkList.swift in Sources */ = {isa = PBXBuildFile; fileRef = EEDAF3DD29AC5FF3002D303D /* LandmarkList.swift */; };
		EECA90E729B1170E00F2FF30 /* Assets.xcassets in Resources */ = {isa = PBXBuildFile; fileRef = EEDAF3BE29AC137B002D303D /* Assets.xcassets */; };
		EECA90E829B1170E00F2FF30 /* ModelData.swift in Sources */ = {isa = PBXBuildFile; fileRef = EEDAF3D429AC588C002D303D /* ModelData.swift */; };
		EECA90E929B1170E00F2FF30 /* CircularImage.swift in Sources */ = {isa = PBXBuildFile; fileRef = EEDAF3CA29AC2033002D303D /* CircularImage.swift */; };
		EECA90EA29B1170E00F2FF30 /* Landmark.swift in Sources */ = {isa = PBXBuildFile; fileRef = EEDAF3D229AC556C002D303D /* Landmark.swift */; };
		EECA90EB29B1170E00F2FF30 /* Hike.swift in Sources */ = {isa = PBXBuildFile; fileRef = EE7AC8AD29ADA8F900BA17FB /* Hike.swift */; };
		EECA90ED29B117AA00F2FF30 /* LandmarkDetail.swift in Sources */ = {isa = PBXBuildFile; fileRef = EECA90EC29B117AA00F2FF30 /* LandmarkDetail.swift */; };
		EEDAF3BB29AC1378002D303D /* LandmarksApp.swift in Sources */ = {isa = PBXBuildFile; fileRef = EEDAF3BA29AC1378002D303D /* LandmarksApp.swift */; };
		EEDAF3BD29AC1378002D303D /* ContentView.swift in Sources */ = {isa = PBXBuildFile; fileRef = EEDAF3BC29AC1378002D303D /* ContentView.swift */; };
		EEDAF3BF29AC137B002D303D /* Assets.xcassets in Resources */ = {isa = PBXBuildFile; fileRef = EEDAF3BE29AC137B002D303D /* Assets.xcassets */; };
		EEDAF3C229AC137B002D303D /* Preview Assets.xcassets in Resources */ = {isa = PBXBuildFile; fileRef = EEDAF3C129AC137B002D303D /* Preview Assets.xcassets */; };
		EEDAF3CB29AC2033002D303D /* CircularImage.swift in Sources */ = {isa = PBXBuildFile; fileRef = EEDAF3CA29AC2033002D303D /* CircularImage.swift */; };
		EEDAF3CD29AC2256002D303D /* MapView.swift in Sources */ = {isa = PBXBuildFile; fileRef = EEDAF3CC29AC2256002D303D /* MapView.swift */; };
		EEDAF3D129AC5553002D303D /* landmarkData.json in Resources */ = {isa = PBXBuildFile; fileRef = EEDAF3D029AC5553002D303D /* landmarkData.json */; };
		EEDAF3D329AC556C002D303D /* Landmark.swift in Sources */ = {isa = PBXBuildFile; fileRef = EEDAF3D229AC556C002D303D /* Landmark.swift */; };
		EEDAF3D529AC588C002D303D /* ModelData.swift in Sources */ = {isa = PBXBuildFile; fileRef = EEDAF3D429AC588C002D303D /* ModelData.swift */; };
		EEDAF3DC29AC5BCD002D303D /* LandmarkRow.swift in Sources */ = {isa = PBXBuildFile; fileRef = EEDAF3DB29AC5BCD002D303D /* LandmarkRow.swift */; };
		EEDAF3DE29AC5FF3002D303D /* LandmarkList.swift in Sources */ = {isa = PBXBuildFile; fileRef = EEDAF3DD29AC5FF3002D303D /* LandmarkList.swift */; };
		EEF9709829B01132001EE139 /* Profile.swift in Sources */ = {isa = PBXBuildFile; fileRef = EEF9709729B01132001EE139 /* Profile.swift */; };
		EEF9709D29B01234001EE139 /* ProfileHost.swift in Sources */ = {isa = PBXBuildFile; fileRef = EEF9709C29B01234001EE139 /* ProfileHost.swift */; };
		EEF9709F29B012A7001EE139 /* ProfileSummary.swift in Sources */ = {isa = PBXBuildFile; fileRef = EEF9709E29B012A7001EE139 /* ProfileSummary.swift */; };
		EEF970A129B013F9001EE139 /* HikeBadge.swift in Sources */ = {isa = PBXBuildFile; fileRef = EEF970A029B013F9001EE139 /* HikeBadge.swift */; };
		EEF970A329B01B05001EE139 /* ProfileEditor.swift in Sources */ = {isa = PBXBuildFile; fileRef = EEF970A229B01B05001EE139 /* ProfileEditor.swift */; };
		EEF970A629B04B9F001EE139 /* PageViewController.swift in Sources */ = {isa = PBXBuildFile; fileRef = EEF970A529B04B9F001EE139 /* PageViewController.swift */; };
		EEF970AE29B04FB0001EE139 /* FeatureCard.swift in Sources */ = {isa = PBXBuildFile; fileRef = EEF970AD29B04FB0001EE139 /* FeatureCard.swift */; };
		EEF970B029B05313001EE139 /* PageView.swift in Sources */ = {isa = PBXBuildFile; fileRef = EEF970AF29B05313001EE139 /* PageView.swift */; };
		EEF970B229B05ED1001EE139 /* PageControl.swift in Sources */ = {isa = PBXBuildFile; fileRef = EEF970B129B05ED0001EE139 /* PageControl.swift */; };
/* End PBXBuildFile section */

/* Begin PBXFileReference section */
		EE7AC8AB29ADA8D400BA17FB /* hikeData.json */ = {isa = PBXFileReference; fileEncoding = 4; lastKnownFileType = text.json; path = hikeData.json; sourceTree = "<group>"; };
		EE7AC8AD29ADA8F900BA17FB /* Hike.swift */ = {isa = PBXFileReference; lastKnownFileType = sourcecode.swift; path = Hike.swift; sourceTree = "<group>"; };
		EE7AC8B229ADAA7100BA17FB /* GraphCapsule.swift */ = {isa = PBXFileReference; fileEncoding = 4; lastKnownFileType = sourcecode.swift; path = GraphCapsule.swift; sourceTree = "<group>"; };
		EE7AC8B329ADAA7100BA17FB /* HikeGraph.swift */ = {isa = PBXFileReference; fileEncoding = 4; lastKnownFileType = sourcecode.swift; path = HikeGraph.swift; sourceTree = "<group>"; };
		EE7AC8B429ADAA7100BA17FB /* HikeDetail.swift */ = {isa = PBXFileReference; fileEncoding = 4; lastKnownFileType = sourcecode.swift; path = HikeDetail.swift; sourceTree = "<group>"; };
		EE7AC8B529ADAA7100BA17FB /* HikeView.swift */ = {isa = PBXFileReference; fileEncoding = 4; lastKnownFileType = sourcecode.swift; path = HikeView.swift; sourceTree = "<group>"; };
		EE7AC8BB29AFF9CD00BA17FB /* CategoryHome.swift */ = {isa = PBXFileReference; lastKnownFileType = sourcecode.swift; path = CategoryHome.swift; sourceTree = "<group>"; };
		EE7AC8BD29AFFDDB00BA17FB /* CategoryRow.swift */ = {isa = PBXFileReference; lastKnownFileType = sourcecode.swift; path = CategoryRow.swift; sourceTree = "<group>"; };
		EE7AC8BF29B0007800BA17FB /* CategoryItem.swift */ = {isa = PBXFileReference; lastKnownFileType = sourcecode.swift; path = CategoryItem.swift; sourceTree = "<group>"; };
		EEB4FD7429AC62B700676D16 /* LandmarkDetail.swift */ = {isa = PBXFileReference; lastKnownFileType = sourcecode.swift; path = LandmarkDetail.swift; sourceTree = "<group>"; };
		EEB4FD7629AC780600676D16 /* FavoriteButton.swift */ = {isa = PBXFileReference; lastKnownFileType = sourcecode.swift; path = FavoriteButton.swift; sourceTree = "<group>"; };
		EEB4FD7A29AD416E00676D16 /* Parameters.swift */ = {isa = PBXFileReference; lastKnownFileType = sourcecode.swift; path = Parameters.swift; sourceTree = "<group>"; };
		EEB4FD7C29AD43B600676D16 /* BadgeBackground.swift */ = {isa = PBXFileReference; lastKnownFileType = sourcecode.swift; path = BadgeBackground.swift; sourceTree = "<group>"; };
		EEB4FD7E29AD4B9900676D16 /* BadgeSymbol.swift */ = {isa = PBXFileReference; lastKnownFileType = sourcecode.swift; path = BadgeSymbol.swift; sourceTree = "<group>"; };
		EEB4FD8029AD4E5B00676D16 /* RotatedBadgeSymbol.swift */ = {isa = PBXFileReference; lastKnownFileType = sourcecode.swift; path = RotatedBadgeSymbol.swift; sourceTree = "<group>"; };
		EEB4FD8229AD4F1500676D16 /* Badge.swift */ = {isa = PBXFileReference; lastKnownFileType = sourcecode.swift; path = Badge.swift; sourceTree = "<group>"; };
		EECA90D029B1163800F2FF30 /* MacLandmarks.app */ = {isa = PBXFileReference; explicitFileType = wrapper.application; includeInIndex = 0; path = MacLandmarks.app; sourceTree = BUILT_PRODUCTS_DIR; };
		EECA90D429B1163800F2FF30 /* ContentView.swift */ = {isa = PBXFileReference; lastKnownFileType = sourcecode.swift; path = ContentView.swift; sourceTree = "<group>"; };
		EECA90D629B1163900F2FF30 /* Assets.xcassets */ = {isa = PBXFileReference; lastKnownFileType = folder.assetcatalog; path = Assets.xcassets; sourceTree = "<group>"; };
		EECA90D929B1163900F2FF30 /* Preview Assets.xcassets */ = {isa = PBXFileReference; lastKnownFileType = folder.assetcatalog; path = "Preview Assets.xcassets"; sourceTree = "<group>"; };
		EECA90DB29B1163900F2FF30 /* MacLandmarks.entitlements */ = {isa = PBXFileReference; lastKnownFileType = text.plist.entitlements; path = MacLandmarks.entitlements; sourceTree = "<group>"; };
		EECA90EC29B117AA00F2FF30 /* LandmarkDetail.swift */ = {isa = PBXFileReference; lastKnownFileType = sourcecode.swift; path = LandmarkDetail.swift; sourceTree = "<group>"; };
		EEDAF3B729AC1378002D303D /* Landmarks.app */ = {isa = PBXFileReference; explicitFileType = wrapper.application; includeInIndex = 0; path = Landmarks.app; sourceTree = BUILT_PRODUCTS_DIR; };
		EEDAF3BA29AC1378002D303D /* LandmarksApp.swift */ = {isa = PBXFileReference; lastKnownFileType = sourcecode.swift; path = LandmarksApp.swift; sourceTree = "<group>"; };
		EEDAF3BC29AC1378002D303D /* ContentView.swift */ = {isa = PBXFileReference; lastKnownFileType = sourcecode.swift; path = ContentView.swift; sourceTree = "<group>"; };
		EEDAF3BE29AC137B002D303D /* Assets.xcassets */ = {isa = PBXFileReference; lastKnownFileType = folder.assetcatalog; path = Assets.xcassets; sourceTree = "<group>"; };
		EEDAF3C129AC137B002D303D /* Preview Assets.xcassets */ = {isa = PBXFileReference; lastKnownFileType = folder.assetcatalog; path = "Preview Assets.xcassets"; sourceTree = "<group>"; };
		EEDAF3CA29AC2033002D303D /* CircularImage.swift */ = {isa = PBXFileReference; lastKnownFileType = sourcecode.swift; path = CircularImage.swift; sourceTree = "<group>"; };
		EEDAF3CC29AC2256002D303D /* MapView.swift */ = {isa = PBXFileReference; lastKnownFileType = sourcecode.swift; path = MapView.swift; sourceTree = "<group>"; };
		EEDAF3D029AC5553002D303D /* landmarkData.json */ = {isa = PBXFileReference; fileEncoding = 4; lastKnownFileType = text.json; path = landmarkData.json; sourceTree = "<group>"; };
		EEDAF3D229AC556C002D303D /* Landmark.swift */ = {isa = PBXFileReference; lastKnownFileType = sourcecode.swift; path = Landmark.swift; sourceTree = "<group>"; };
		EEDAF3D429AC588C002D303D /* ModelData.swift */ = {isa = PBXFileReference; lastKnownFileType = sourcecode.swift; path = ModelData.swift; sourceTree = "<group>"; };
		EEDAF3DB29AC5BCD002D303D /* LandmarkRow.swift */ = {isa = PBXFileReference; lastKnownFileType = sourcecode.swift; path = LandmarkRow.swift; sourceTree = "<group>"; };
		EEDAF3DD29AC5FF3002D303D /* LandmarkList.swift */ = {isa = PBXFileReference; lastKnownFileType = sourcecode.swift; path = LandmarkList.swift; sourceTree = "<group>"; };
		EEF9709729B01132001EE139 /* Profile.swift */ = {isa = PBXFileReference; lastKnownFileType = sourcecode.swift; path = Profile.swift; sourceTree = "<group>"; };
		EEF9709C29B01234001EE139 /* ProfileHost.swift */ = {isa = PBXFileReference; lastKnownFileType = sourcecode.swift; path = ProfileHost.swift; sourceTree = "<group>"; };
		EEF9709E29B012A7001EE139 /* ProfileSummary.swift */ = {isa = PBXFileReference; lastKnownFileType = sourcecode.swift; path = ProfileSummary.swift; sourceTree = "<group>"; };
		EEF970A029B013F9001EE139 /* HikeBadge.swift */ = {isa = PBXFileReference; lastKnownFileType = sourcecode.swift; path = HikeBadge.swift; sourceTree = "<group>"; };
		EEF970A229B01B05001EE139 /* ProfileEditor.swift */ = {isa = PBXFileReference; lastKnownFileType = sourcecode.swift; path = ProfileEditor.swift; sourceTree = "<group>"; };
		EEF970A529B04B9F001EE139 /* PageViewController.swift */ = {isa = PBXFileReference; lastKnownFileType = sourcecode.swift; path = PageViewController.swift; sourceTree = "<group>"; };
		EEF970AD29B04FB0001EE139 /* FeatureCard.swift */ = {isa = PBXFileReference; lastKnownFileType = sourcecode.swift; path = FeatureCard.swift; sourceTree = "<group>"; };
		EEF970AF29B05313001EE139 /* PageView.swift */ = {isa = PBXFileReference; lastKnownFileType = sourcecode.swift; path = PageView.swift; sourceTree = "<group>"; };
		EEF970B129B05ED0001EE139 /* PageControl.swift */ = {isa = PBXFileReference; lastKnownFileType = sourcecode.swift; path = PageControl.swift; sourceTree = "<group>"; };
/* End PBXFileReference section */

/* Begin PBXFrameworksBuildPhase section */
		EECA90CD29B1163800F2FF30 /* Frameworks */ = {
			isa = PBXFrameworksBuildPhase;
			buildActionMask = 2147483647;
			files = (
			);
			runOnlyForDeploymentPostprocessing = 0;
		};
		EEDAF3B429AC1378002D303D /* Frameworks */ = {
			isa = PBXFrameworksBuildPhase;
			buildActionMask = 2147483647;
			files = (
			);
			runOnlyForDeploymentPostprocessing = 0;
		};
/* End PBXFrameworksBuildPhase section */

/* Begin PBXGroup section */
		EE7AC8AA29AD52A400BA17FB /* Badge */ = {
			isa = PBXGroup;
			children = (
				EEB4FD7A29AD416E00676D16 /* Parameters.swift */,
				EEB4FD7C29AD43B600676D16 /* BadgeBackground.swift */,
				EEB4FD7E29AD4B9900676D16 /* BadgeSymbol.swift */,
				EEB4FD8029AD4E5B00676D16 /* RotatedBadgeSymbol.swift */,
				EEB4FD8229AD4F1500676D16 /* Badge.swift */,
			);
			path = Badge;
			sourceTree = "<group>";
		};
		EE7AC8B129ADAA7100BA17FB /* Hikes */ = {
			isa = PBXGroup;
			children = (
				EE7AC8B229ADAA7100BA17FB /* GraphCapsule.swift */,
				EE7AC8B329ADAA7100BA17FB /* HikeGraph.swift */,
				EE7AC8B429ADAA7100BA17FB /* HikeDetail.swift */,
				EE7AC8B529ADAA7100BA17FB /* HikeView.swift */,
				EEF970A029B013F9001EE139 /* HikeBadge.swift */,
			);
			name = Hikes;
			path = ../../../AnimatingViewsAndTransitions/Resources/Hikes;
			sourceTree = "<group>";
		};
		EE7AC8BA29AFF9B600BA17FB /* Categories */ = {
			isa = PBXGroup;
			children = (
				EE7AC8BB29AFF9CD00BA17FB /* CategoryHome.swift */,
				EE7AC8BD29AFFDDB00BA17FB /* CategoryRow.swift */,
				EE7AC8BF29B0007800BA17FB /* CategoryItem.swift */,
			);
			path = Categories;
			sourceTree = "<group>";
		};
		EEB4FD7829AC78D600676D16 /* Helpers */ = {
			isa = PBXGroup;
			children = (
				EEDAF3CA29AC2033002D303D /* CircularImage.swift */,
				EEDAF3CC29AC2256002D303D /* MapView.swift */,
				EEB4FD7629AC780600676D16 /* FavoriteButton.swift */,
			);
			path = Helpers;
			sourceTree = "<group>";
		};
		EEB4FD7929AC78FE00676D16 /* Landmarks */ = {
			isa = PBXGroup;
			children = (
				EEDAF3DB29AC5BCD002D303D /* LandmarkRow.swift */,
				EEDAF3DD29AC5FF3002D303D /* LandmarkList.swift */,
				EEB4FD7429AC62B700676D16 /* LandmarkDetail.swift */,
			);
			path = Landmarks;
			sourceTree = "<group>";
		};
		EECA90D129B1163800F2FF30 /* MacLandmarks */ = {
			isa = PBXGroup;
			children = (
				EECA90D429B1163800F2FF30 /* ContentView.swift */,
				EECA90D629B1163900F2FF30 /* Assets.xcassets */,
				EECA90DB29B1163900F2FF30 /* MacLandmarks.entitlements */,
				EECA90D829B1163900F2FF30 /* Preview Content */,
				EECA90EC29B117AA00F2FF30 /* LandmarkDetail.swift */,
			);
			path = MacLandmarks;
			sourceTree = "<group>";
		};
		EECA90D829B1163900F2FF30 /* Preview Content */ = {
			isa = PBXGroup;
			children = (
				EECA90D929B1163900F2FF30 /* Preview Assets.xcassets */,
			);
			path = "Preview Content";
			sourceTree = "<group>";
		};
		EEDAF3AE29AC1378002D303D = {
			isa = PBXGroup;
			children = (
				EEDAF3B929AC1378002D303D /* Landmarks */,
				EECA90D129B1163800F2FF30 /* MacLandmarks */,
				EEDAF3B829AC1378002D303D /* Products */,
			);
			sourceTree = "<group>";
		};
		EEDAF3B829AC1378002D303D /* Products */ = {
			isa = PBXGroup;
			children = (
				EEDAF3B729AC1378002D303D /* Landmarks.app */,
				EECA90D029B1163800F2FF30 /* MacLandmarks.app */,
			);
			name = Products;
			sourceTree = "<group>";
		};
		EEDAF3B929AC1378002D303D /* Landmarks */ = {
			isa = PBXGroup;
			children = (
				EEDAF3D729AC5A60002D303D /* Resources */,
				EEDAF3D829AC5A79002D303D /* Model */,
				EEDAF3D629AC5A25002D303D /* Views */,
				EEDAF3BA29AC1378002D303D /* LandmarksApp.swift */,
				EEDAF3BE29AC137B002D303D /* Assets.xcassets */,
				EEDAF3C029AC137B002D303D /* Preview Content */,
			);
			path = Landmarks;
			sourceTree = "<group>";
		};
		EEDAF3C029AC137B002D303D /* Preview Content */ = {
			isa = PBXGroup;
			children = (
				EEDAF3C129AC137B002D303D /* Preview Assets.xcassets */,
			);
			path = "Preview Content";
			sourceTree = "<group>";
		};
		EEDAF3D629AC5A25002D303D /* Views */ = {
			isa = PBXGroup;
			children = (
				EE7AC8AA29AD52A400BA17FB /* Badge */,
				EEB4FD7929AC78FE00676D16 /* Landmarks */,
				EEB4FD7829AC78D600676D16 /* Helpers */,
				EEF970A429B04B8D001EE139 /* PageView */,
				EEF9709929B0120B001EE139 /* Profiles */,
				EE7AC8BA29AFF9B600BA17FB /* Categories */,
				EE7AC8B129ADAA7100BA17FB /* Hikes */,
				EEDAF3BC29AC1378002D303D /* ContentView.swift */,
			);
			path = Views;
			sourceTree = "<group>";
		};
		EEDAF3D729AC5A60002D303D /* Resources */ = {
			isa = PBXGroup;
			children = (
				EE7AC8AB29ADA8D400BA17FB /* hikeData.json */,
				EEDAF3D029AC5553002D303D /* landmarkData.json */,
			);
			path = Resources;
			sourceTree = "<group>";
		};
		EEDAF3D829AC5A79002D303D /* Model */ = {
			isa = PBXGroup;
			children = (
				EEDAF3D229AC556C002D303D /* Landmark.swift */,
				EEDAF3D429AC588C002D303D /* ModelData.swift */,
				EE7AC8AD29ADA8F900BA17FB /* Hike.swift */,
				EEF9709729B01132001EE139 /* Profile.swift */,
			);
			path = Model;
			sourceTree = "<group>";
		};
		EEF9709929B0120B001EE139 /* Profiles */ = {
			isa = PBXGroup;
			children = (
				EEF9709C29B01234001EE139 /* ProfileHost.swift */,
				EEF9709E29B012A7001EE139 /* ProfileSummary.swift */,
				EEF970A229B01B05001EE139 /* ProfileEditor.swift */,
			);
			path = Profiles;
			sourceTree = "<group>";
		};
		EEF970A429B04B8D001EE139 /* PageView */ = {
			isa = PBXGroup;
			children = (
				EEF970A529B04B9F001EE139 /* PageViewController.swift */,
				EEF970AD29B04FB0001EE139 /* FeatureCard.swift */,
				EEF970AF29B05313001EE139 /* PageView.swift */,
				EEF970B129B05ED0001EE139 /* PageControl.swift */,
			);
			path = PageView;
			sourceTree = "<group>";
		};
/* End PBXGroup section */

/* Begin PBXNativeTarget section */
		EECA90CF29B1163800F2FF30 /* MacLandmarks */ = {
			isa = PBXNativeTarget;
			buildConfigurationList = EECA90DE29B1163900F2FF30 /* Build configuration list for PBXNativeTarget "MacLandmarks" */;
			buildPhases = (
				EECA90CC29B1163800F2FF30 /* Sources */,
				EECA90CD29B1163800F2FF30 /* Frameworks */,
				EECA90CE29B1163800F2FF30 /* Resources */,
			);
			buildRules = (
			);
			dependencies = (
			);
			name = MacLandmarks;
			productName = MacLandmarks;
			productReference = EECA90D029B1163800F2FF30 /* MacLandmarks.app */;
			productType = "com.apple.product-type.application";
		};
		EEDAF3B629AC1378002D303D /* Landmarks */ = {
			isa = PBXNativeTarget;
			buildConfigurationList = EEDAF3C529AC137B002D303D /* Build configuration list for PBXNativeTarget "Landmarks" */;
			buildPhases = (
				EEDAF3B329AC1378002D303D /* Sources */,
				EEDAF3B429AC1378002D303D /* Frameworks */,
				EEDAF3B529AC1378002D303D /* Resources */,
			);
			buildRules = (
			);
			dependencies = (
			);
			name = Landmarks;
			productName = Landmarks;
			productReference = EEDAF3B729AC1378002D303D /* Landmarks.app */;
			productType = "com.apple.product-type.application";
		};
/* End PBXNativeTarget section */

/* Begin PBXProject section */
		EEDAF3AF29AC1378002D303D /* Project object */ = {
			isa = PBXProject;
			attributes = {
				BuildIndependentTargetsInParallel = 1;
				LastSwiftUpdateCheck = 1420;
				LastUpgradeCheck = 1420;
				TargetAttributes = {
					EECA90CF29B1163800F2FF30 = {
						CreatedOnToolsVersion = 14.2;
					};
					EEDAF3B629AC1378002D303D = {
						CreatedOnToolsVersion = 14.2;
					};
				};
			};
			buildConfigurationList = EEDAF3B229AC1378002D303D /* Build configuration list for PBXProject "Landmarks" */;
			compatibilityVersion = "Xcode 14.0";
			developmentRegion = en;
			hasScannedForEncodings = 0;
			knownRegions = (
				en,
				Base,
			);
			mainGroup = EEDAF3AE29AC1378002D303D;
			productRefGroup = EEDAF3B829AC1378002D303D /* Products */;
			projectDirPath = "";
			projectRoot = "";
			targets = (
				EEDAF3B629AC1378002D303D /* Landmarks */,
				EECA90CF29B1163800F2FF30 /* MacLandmarks */,
			);
		};
/* End PBXProject section */

/* Begin PBXResourcesBuildPhase section */
		EECA90CE29B1163800F2FF30 /* Resources */ = {
			isa = PBXResourcesBuildPhase;
			buildActionMask = 2147483647;
			files = (
				EECA90E229B1170E00F2FF30 /* hikeData.json in Resources */,
				EECA90DA29B1163900F2FF30 /* Preview Assets.xcassets in Resources */,
				EECA90D729B1163900F2FF30 /* Assets.xcassets in Resources */,
				EECA90DF29B1170E00F2FF30 /* landmarkData.json in Resources */,
				EECA90E729B1170E00F2FF30 /* Assets.xcassets in Resources */,
			);
			runOnlyForDeploymentPostprocessing = 0;
		};
		EEDAF3B529AC1378002D303D /* Resources */ = {
			isa = PBXResourcesBuildPhase;
			buildActionMask = 2147483647;
			files = (
				EE7AC8AC29ADA8D400BA17FB /* hikeData.json in Resources */,
				EEDAF3C229AC137B002D303D /* Preview Assets.xcassets in Resources */,
				EEDAF3BF29AC137B002D303D /* Assets.xcassets in Resources */,
				EEDAF3D129AC5553002D303D /* landmarkData.json in Resources */,
			);
			runOnlyForDeploymentPostprocessing = 0;
		};
/* End PBXResourcesBuildPhase section */

/* Begin PBXSourcesBuildPhase section */
		EECA90CC29B1163800F2FF30 /* Sources */ = {
			isa = PBXSourcesBuildPhase;
			buildActionMask = 2147483647;
			files = (
				EECA90D529B1163800F2FF30 /* ContentView.swift in Sources */,
				EECA90E129B1170E00F2FF30 /* Profile.swift in Sources */,
				EECA90E529B1170E00F2FF30 /* LandmarkRow.swift in Sources */,
				EECA90E629B1170E00F2FF30 /* LandmarkList.swift in Sources */,
				EECA90ED29B117AA00F2FF30 /* LandmarkDetail.swift in Sources */,
				EECA90EB29B1170E00F2FF30 /* Hike.swift in Sources */,
				EECA90E029B1170E00F2FF30 /* MapView.swift in Sources */,
				EECA90E829B1170E00F2FF30 /* ModelData.swift in Sources */,
				EECA90E429B1170E00F2FF30 /* FavoriteButton.swift in Sources */,
				EECA90E329B1170E00F2FF30 /* LandmarksApp.swift in Sources */,
				EECA90E929B1170E00F2FF30 /* CircularImage.swift in Sources */,
				EECA90EA29B1170E00F2FF30 /* Landmark.swift in Sources */,
			);
			runOnlyForDeploymentPostprocessing = 0;
		};
		EEDAF3B329AC1378002D303D /* Sources */ = {
			isa = PBXSourcesBuildPhase;
			buildActionMask = 2147483647;
			files = (
				EE7AC8BE29AFFDDB00BA17FB /* CategoryRow.swift in Sources */,
				EEF9709829B01132001EE139 /* Profile.swift in Sources */,
				EEDAF3BD29AC1378002D303D /* ContentView.swift in Sources */,
				EE7AC8BC29AFF9CD00BA17FB /* CategoryHome.swift in Sources */,
				EEF970AE29B04FB0001EE139 /* FeatureCard.swift in Sources */,
				EE7AC8B729ADAA7100BA17FB /* HikeGraph.swift in Sources */,
				EEB4FD8329AD4F1500676D16 /* Badge.swift in Sources */,
				EEDAF3CD29AC2256002D303D /* MapView.swift in Sources */,
				EE7AC8B629ADAA7100BA17FB /* GraphCapsule.swift in Sources */,
				EEDAF3BB29AC1378002D303D /* LandmarksApp.swift in Sources */,
				EEF970B229B05ED1001EE139 /* PageControl.swift in Sources */,
				EEB4FD7729AC780600676D16 /* FavoriteButton.swift in Sources */,
				EE7AC8C029B0007800BA17FB /* CategoryItem.swift in Sources */,
				EE7AC8B829ADAA7100BA17FB /* HikeDetail.swift in Sources */,
				EEF9709F29B012A7001EE139 /* ProfileSummary.swift in Sources */,
				EEDAF3DE29AC5FF3002D303D /* LandmarkList.swift in Sources */,
				EEF9709D29B01234001EE139 /* ProfileHost.swift in Sources */,
				EE7AC8AE29ADA8F900BA17FB /* Hike.swift in Sources */,
				EEB4FD8129AD4E5B00676D16 /* RotatedBadgeSymbol.swift in Sources */,
				EEF970B029B05313001EE139 /* PageView.swift in Sources */,
				EEB4FD7F29AD4B9900676D16 /* BadgeSymbol.swift in Sources */,
				EEF970A329B01B05001EE139 /* ProfileEditor.swift in Sources */,
				EEB4FD7529AC62B700676D16 /* LandmarkDetail.swift in Sources */,
				EE7AC8B929ADAA7100BA17FB /* HikeView.swift in Sources */,
				EEDAF3CB29AC2033002D303D /* CircularImage.swift in Sources */,
				EEF970A629B04B9F001EE139 /* PageViewController.swift in Sources */,
				EEB4FD7D29AD43B600676D16 /* BadgeBackground.swift in Sources */,
				EEF970A129B013F9001EE139 /* HikeBadge.swift in Sources */,
				EEDAF3D329AC556C002D303D /* Landmark.swift in Sources */,
				EEDAF3DC29AC5BCD002D303D /* LandmarkRow.swift in Sources */,
				EEDAF3D529AC588C002D303D /* ModelData.swift in Sources */,
				EEB4FD7B29AD416E00676D16 /* Parameters.swift in Sources */,
			);
			runOnlyForDeploymentPostprocessing = 0;
		};
/* End PBXSourcesBuildPhase section */

/* Begin XCBuildConfiguration section */
		EECA90DC29B1163900F2FF30 /* Debug */ = {
			isa = XCBuildConfiguration;
			buildSettings = {
				ASSETCATALOG_COMPILER_APPICON_NAME = AppIcon;
				ASSETCATALOG_COMPILER_GLOBAL_ACCENT_COLOR_NAME = AccentColor;
				CODE_SIGN_ENTITLEMENTS = MacLandmarks/MacLandmarks.entitlements;
				CODE_SIGN_STYLE = Automatic;
				COMBINE_HIDPI_IMAGES = YES;
				CURRENT_PROJECT_VERSION = 1;
				DEVELOPMENT_ASSET_PATHS = "\"MacLandmarks/Preview Content\"";
				DEVELOPMENT_TEAM = J2T74979V3;
				ENABLE_HARDENED_RUNTIME = YES;
				ENABLE_PREVIEWS = YES;
				GENERATE_INFOPLIST_FILE = YES;
				INFOPLIST_KEY_NSHumanReadableCopyright = "";
				LD_RUNPATH_SEARCH_PATHS = (
					"$(inherited)",
					"@executable_path/../Frameworks",
				);
				MACOSX_DEPLOYMENT_TARGET = 13.1;
				MARKETING_VERSION = 1.0;
				PRODUCT_BUNDLE_IDENTIFIER = lmingzhi618.MacLandmarks;
				PRODUCT_NAME = "$(TARGET_NAME)";
				SDKROOT = macosx;
				SWIFT_EMIT_LOC_STRINGS = YES;
				SWIFT_VERSION = 5.0;
			};
			name = Debug;
		};
		EECA90DD29B1163900F2FF30 /* Release */ = {
			isa = XCBuildConfiguration;
			buildSettings = {
				ASSETCATALOG_COMPILER_APPICON_NAME = AppIcon;
				ASSETCATALOG_COMPILER_GLOBAL_ACCENT_COLOR_NAME = AccentColor;
				CODE_SIGN_ENTITLEMENTS = MacLandmarks/MacLandmarks.entitlements;
				CODE_SIGN_STYLE = Automatic;
				COMBINE_HIDPI_IMAGES = YES;
				CURRENT_PROJECT_VERSION = 1;
				DEVELOPMENT_ASSET_PATHS = "\"MacLandmarks/Preview Content\"";
				DEVELOPMENT_TEAM = J2T74979V3;
				ENABLE_HARDENED_RUNTIME = YES;
				ENABLE_PREVIEWS = YES;
				GENERATE_INFOPLIST_FILE = YES;
				INFOPLIST_KEY_NSHumanReadableCopyright = "";
				LD_RUNPATH_SEARCH_PATHS = (
					"$(inherited)",
					"@executable_path/../Frameworks",
				);
				MACOSX_DEPLOYMENT_TARGET = 13.1;
				MARKETING_VERSION = 1.0;
				PRODUCT_BUNDLE_IDENTIFIER = lmingzhi618.MacLandmarks;
				PRODUCT_NAME = "$(TARGET_NAME)";
				SDKROOT = macosx;
				SWIFT_EMIT_LOC_STRINGS = YES;
				SWIFT_VERSION = 5.0;
			};
			name = Release;
		};
		EEDAF3C329AC137B002D303D /* Debug */ = {
			isa = XCBuildConfiguration;
			buildSettings = {
				ALWAYS_SEARCH_USER_PATHS = NO;
				CLANG_ANALYZER_NONNULL = YES;
				CLANG_ANALYZER_NUMBER_OBJECT_CONVERSION = YES_AGGRESSIVE;
				CLANG_CXX_LANGUAGE_STANDARD = "gnu++20";
				CLANG_ENABLE_MODULES = YES;
				CLANG_ENABLE_OBJC_ARC = YES;
				CLANG_ENABLE_OBJC_WEAK = YES;
				CLANG_WARN_BLOCK_CAPTURE_AUTORELEASING = YES;
				CLANG_WARN_BOOL_CONVERSION = YES;
				CLANG_WARN_COMMA = YES;
				CLANG_WARN_CONSTANT_CONVERSION = YES;
				CLANG_WARN_DEPRECATED_OBJC_IMPLEMENTATIONS = YES;
				CLANG_WARN_DIRECT_OBJC_ISA_USAGE = YES_ERROR;
				CLANG_WARN_DOCUMENTATION_COMMENTS = YES;
				CLANG_WARN_EMPTY_BODY = YES;
				CLANG_WARN_ENUM_CONVERSION = YES;
				CLANG_WARN_INFINITE_RECURSION = YES;
				CLANG_WARN_INT_CONVERSION = YES;
				CLANG_WARN_NON_LITERAL_NULL_CONVERSION = YES;
				CLANG_WARN_OBJC_IMPLICIT_RETAIN_SELF = YES;
				CLANG_WARN_OBJC_LITERAL_CONVERSION = YES;
				CLANG_WARN_OBJC_ROOT_CLASS = YES_ERROR;
				CLANG_WARN_QUOTED_INCLUDE_IN_FRAMEWORK_HEADER = YES;
				CLANG_WARN_RANGE_LOOP_ANALYSIS = YES;
				CLANG_WARN_STRICT_PROTOTYPES = YES;
				CLANG_WARN_SUSPICIOUS_MOVE = YES;
				CLANG_WARN_UNGUARDED_AVAILABILITY = YES_AGGRESSIVE;
				CLANG_WARN_UNREACHABLE_CODE = YES;
				CLANG_WARN__DUPLICATE_METHOD_MATCH = YES;
				COPY_PHASE_STRIP = NO;
				DEBUG_INFORMATION_FORMAT = dwarf;
				ENABLE_STRICT_OBJC_MSGSEND = YES;
				ENABLE_TESTABILITY = YES;
				GCC_C_LANGUAGE_STANDARD = gnu11;
				GCC_DYNAMIC_NO_PIC = NO;
				GCC_NO_COMMON_BLOCKS = YES;
				GCC_OPTIMIZATION_LEVEL = 0;
				GCC_PREPROCESSOR_DEFINITIONS = (
					"DEBUG=1",
					"$(inherited)",
				);
				GCC_WARN_64_TO_32_BIT_CONVERSION = YES;
				GCC_WARN_ABOUT_RETURN_TYPE = YES_ERROR;
				GCC_WARN_UNDECLARED_SELECTOR = YES;
				GCC_WARN_UNINITIALIZED_AUTOS = YES_AGGRESSIVE;
				GCC_WARN_UNUSED_FUNCTION = YES;
				GCC_WARN_UNUSED_VARIABLE = YES;
				IPHONEOS_DEPLOYMENT_TARGET = 16.2;
				MTL_ENABLE_DEBUG_INFO = INCLUDE_SOURCE;
				MTL_FAST_MATH = YES;
				ONLY_ACTIVE_ARCH = YES;
				SDKROOT = iphoneos;
				SWIFT_ACTIVE_COMPILATION_CONDITIONS = DEBUG;
				SWIFT_OPTIMIZATION_LEVEL = "-Onone";
			};
			name = Debug;
		};
		EEDAF3C429AC137B002D303D /* Release */ = {
			isa = XCBuildConfiguration;
			buildSettings = {
				ALWAYS_SEARCH_USER_PATHS = NO;
				CLANG_ANALYZER_NONNULL = YES;
				CLANG_ANALYZER_NUMBER_OBJECT_CONVERSION = YES_AGGRESSIVE;
				CLANG_CXX_LANGUAGE_STANDARD = "gnu++20";
				CLANG_ENABLE_MODULES = YES;
				CLANG_ENABLE_OBJC_ARC = YES;
				CLANG_ENABLE_OBJC_WEAK = YES;
				CLANG_WARN_BLOCK_CAPTURE_AUTORELEASING = YES;
				CLANG_WARN_BOOL_CONVERSION = YES;
				CLANG_WARN_COMMA = YES;
				CLANG_WARN_CONSTANT_CONVERSION = YES;
				CLANG_WARN_DEPRECATED_OBJC_IMPLEMENTATIONS = YES;
				CLANG_WARN_DIRECT_OBJC_ISA_USAGE = YES_ERROR;
				CLANG_WARN_DOCUMENTATION_COMMENTS = YES;
				CLANG_WARN_EMPTY_BODY = YES;
				CLANG_WARN_ENUM_CONVERSION = YES;
				CLANG_WARN_INFINITE_RECURSION = YES;
				CLANG_WARN_INT_CONVERSION = YES;
				CLANG_WARN_NON_LITERAL_NULL_CONVERSION = YES;
				CLANG_WARN_OBJC_IMPLICIT_RETAIN_SELF = YES;
				CLANG_WARN_OBJC_LITERAL_CONVERSION = YES;
				CLANG_WARN_OBJC_ROOT_CLASS = YES_ERROR;
				CLANG_WARN_QUOTED_INCLUDE_IN_FRAMEWORK_HEADER = YES;
				CLANG_WARN_RANGE_LOOP_ANALYSIS = YES;
				CLANG_WARN_STRICT_PROTOTYPES = YES;
				CLANG_WARN_SUSPICIOUS_MOVE = YES;
				CLANG_WARN_UNGUARDED_AVAILABILITY = YES_AGGRESSIVE;
				CLANG_WARN_UNREACHABLE_CODE = YES;
				CLANG_WARN__DUPLICATE_METHOD_MATCH = YES;
				COPY_PHASE_STRIP = NO;
				DEBUG_INFORMATION_FORMAT = "dwarf-with-dsym";
				ENABLE_NS_ASSERTIONS = NO;
				ENABLE_STRICT_OBJC_MSGSEND = YES;
				GCC_C_LANGUAGE_STANDARD = gnu11;
				GCC_NO_COMMON_BLOCKS = YES;
				GCC_WARN_64_TO_32_BIT_CONVERSION = YES;
				GCC_WARN_ABOUT_RETURN_TYPE = YES_ERROR;
				GCC_WARN_UNDECLARED_SELECTOR = YES;
				GCC_WARN_UNINITIALIZED_AUTOS = YES_AGGRESSIVE;
				GCC_WARN_UNUSED_FUNCTION = YES;
				GCC_WARN_UNUSED_VARIABLE = YES;
				IPHONEOS_DEPLOYMENT_TARGET = 16.2;
				MTL_ENABLE_DEBUG_INFO = NO;
				MTL_FAST_MATH = YES;
				SDKROOT = iphoneos;
				SWIFT_COMPILATION_MODE = wholemodule;
				SWIFT_OPTIMIZATION_LEVEL = "-O";
				VALIDATE_PRODUCT = YES;
			};
			name = Release;
		};
		EEDAF3C629AC137B002D303D /* Debug */ = {
			isa = XCBuildConfiguration;
			buildSettings = {
				ASSETCATALOG_COMPILER_APPICON_NAME = AppIcon;
				ASSETCATALOG_COMPILER_GLOBAL_ACCENT_COLOR_NAME = AccentColor;
				CODE_SIGN_STYLE = Automatic;
				CURRENT_PROJECT_VERSION = 1;
				DEVELOPMENT_ASSET_PATHS = "\"Landmarks/Preview Content\"";
				DEVELOPMENT_TEAM = J2T74979V3;
				ENABLE_PREVIEWS = YES;
				GENERATE_INFOPLIST_FILE = YES;
				INFOPLIST_KEY_UIApplicationSceneManifest_Generation = YES;
				INFOPLIST_KEY_UIApplicationSupportsIndirectInputEvents = YES;
				INFOPLIST_KEY_UILaunchScreen_Generation = YES;
				INFOPLIST_KEY_UISupportedInterfaceOrientations_iPad = "UIInterfaceOrientationPortrait UIInterfaceOrientationPortraitUpsideDown UIInterfaceOrientationLandscapeLeft UIInterfaceOrientationLandscapeRight";
				INFOPLIST_KEY_UISupportedInterfaceOrientations_iPhone = "UIInterfaceOrientationPortrait UIInterfaceOrientationLandscapeLeft UIInterfaceOrientationLandscapeRight";
				LD_RUNPATH_SEARCH_PATHS = (
					"$(inherited)",
					"@executable_path/Frameworks",
				);
				MARKETING_VERSION = 1.0;
				PRODUCT_BUNDLE_IDENTIFIER = lmingzhi618.Landmarks;
				PRODUCT_NAME = "$(TARGET_NAME)";
				SWIFT_EMIT_LOC_STRINGS = YES;
				SWIFT_VERSION = 5.0;
				TARGETED_DEVICE_FAMILY = "1,2";
			};
			name = Debug;
		};
		EEDAF3C729AC137B002D303D /* Release */ = {
			isa = XCBuildConfiguration;
			buildSettings = {
				ASSETCATALOG_COMPILER_APPICON_NAME = AppIcon;
				ASSETCATALOG_COMPILER_GLOBAL_ACCENT_COLOR_NAME = AccentColor;
				CODE_SIGN_STYLE = Automatic;
				CURRENT_PROJECT_VERSION = 1;
				DEVELOPMENT_ASSET_PATHS = "\"Landmarks/Preview Content\"";
				DEVELOPMENT_TEAM = J2T74979V3;
				ENABLE_PREVIEWS = YES;
				GENERATE_INFOPLIST_FILE = YES;
				INFOPLIST_KEY_UIApplicationSceneManifest_Generation = YES;
				INFOPLIST_KEY_UIApplicationSupportsIndirectInputEvents = YES;
				INFOPLIST_KEY_UILaunchScreen_Generation = YES;
				INFOPLIST_KEY_UISupportedInterfaceOrientations_iPad = "UIInterfaceOrientationPortrait UIInterfaceOrientationPortraitUpsideDown UIInterfaceOrientationLandscapeLeft UIInterfaceOrientationLandscapeRight";
				INFOPLIST_KEY_UISupportedInterfaceOrientations_iPhone = "UIInterfaceOrientationPortrait UIInterfaceOrientationLandscapeLeft UIInterfaceOrientationLandscapeRight";
				LD_RUNPATH_SEARCH_PATHS = (
					"$(inherited)",
					"@executable_path/Frameworks",
				);
				MARKETING_VERSION = 1.0;
				PRODUCT_BUNDLE_IDENTIFIER = lmingzhi618.Landmarks;
				PRODUCT_NAME = "$(TARGET_NAME)";
				SWIFT_EMIT_LOC_STRINGS = YES;
				SWIFT_VERSION = 5.0;
				TARGETED_DEVICE_FAMILY = "1,2";
			};
			name = Release;
		};
/* End XCBuildConfiguration section */

/* Begin XCConfigurationList section */
		EECA90DE29B1163900F2FF30 /* Build configuration list for PBXNativeTarget "MacLandmarks" */ = {
			isa = XCConfigurationList;
			buildConfigurations = (
				EECA90DC29B1163900F2FF30 /* Debug */,
				EECA90DD29B1163900F2FF30 /* Release */,
			);
			defaultConfigurationIsVisible = 0;
			defaultConfigurationName = Release;
		};
		EEDAF3B229AC1378002D303D /* Build configuration list for PBXProject "Landmarks" */ = {
			isa = XCConfigurationList;
			buildConfigurations = (
				EEDAF3C329AC137B002D303D /* Debug */,
				EEDAF3C429AC137B002D303D /* Release */,
			);
			defaultConfigurationIsVisible = 0;
			defaultConfigurationName = Release;
		};
		EEDAF3C529AC137B002D303D /* Build configuration list for PBXNativeTarget "Landmarks" */ = {
			isa = XCConfigurationList;
			buildConfigurations = (
				EEDAF3C629AC137B002D303D /* Debug */,
				EEDAF3C729AC137B002D303D /* Release */,
			);
			defaultConfigurationIsVisible = 0;
			defaultConfigurationName = Release;
		};
/* End XCConfigurationList section */
	};
	rootObject = EEDAF3AF29AC1378002D303D /* Project object */;
}
